
Microsoft Visual Studio Solution File, Format Version 12.00
# Visual Studio Version 16
VisualStudioVersion = 16.0.32126.315
MinimumVisualStudioVersion = 10.0.40219.1
Project("{2150E333-8FDC-42A3-9474-1A3956D46DE8}") = "Doc", "Doc", "{8D21C7F6-286F-4CE5-9781-40B068A2E1CD}"
	ProjectSection(SolutionItems) = preProject
		Document.txt = Document.txt
	EndProjectSection
EndProject
Project("{2150E333-8FDC-42A3-9474-1A3956D46DE8}") = "Source", "Source", "{9A382753-B0F5-4A51-9FD2-4D3B9A4C5FAA}"
EndProject
Project("{2150E333-8FDC-42A3-9474-1A3956D46DE8}") = "Test", "Test", "{A45A94D6-EECA-4BC8-BDA0-873AD4AB3A16}"
EndProject
Project("{2150E333-8FDC-42A3-9474-1A3956D46DE8}") = "_Common", "_Common", "{C387438C-DB46-40C8-B184-6EC6D00DDBF0}"
EndProject
Project("{2150E333-8FDC-42A3-9474-1A3956D46DE8}") = "Core", "Core", "{6624514E-77E4-4694-956D-F0E67E448DBE}"
EndProject
Project("{2150E333-8FDC-42A3-9474-1A3956D46DE8}") = "Infrastructure", "Infrastructure", "{C3B876DF-B288-402B-96CF-E7C223F860AC}"
EndProject
Project("{2150E333-8FDC-42A3-9474-1A3956D46DE8}") = "Persistance", "Persistance", "{2820E457-A19B-4369-A420-91DB0046A269}"
EndProject
Project("{9A19103F-16F7-4668-BE54-9A1E7A4F7556}") = "Common", "Common\Common.csproj", "{9CFDD209-079A-4E0A-9F4D-E323AE2D4F43}"
EndProject
Project("{9A19103F-16F7-4668-BE54-9A1E7A4F7556}") = "Application", "Application\Application.csproj", "{138F7C3C-9446-48F2-B2FE-C809C5B42A79}"
EndProject
Project("{9A19103F-16F7-4668-BE54-9A1E7A4F7556}") = "Domain", "Domain\Domain.csproj", "{23D0B6CD-9B8F-4BD1-9597-9BF332F551FD}"
EndProject
Project("{9A19103F-16F7-4668-BE54-9A1E7A4F7556}") = "Infrastructure", "Infrastructure\Infrastructure.csproj", "{C7D60BA4-1A4F-4717-9B9D-484B0991A247}"
EndProject
Project("{9A19103F-16F7-4668-BE54-9A1E7A4F7556}") = "Persistance", "Persistance\Persistance.csproj", "{98BC562B-FA21-4B57-9EEC-B93F12EFE044}"
EndProject
Project("{9A19103F-16F7-4668-BE54-9A1E7A4F7556}") = "Converters.Test", "Converters.Test\Converters.Test.csproj", "{671BBB53-71EB-4153-B108-A589D78C44FD}"
EndProject
Project("{9A19103F-16F7-4668-BE54-9A1E7A4F7556}") = "EndPoint", "EndPoint\EndPoint.csproj", "{A1B53126-D169-4785-BC12-5BE63EA5826F}"
EndProject
Global
	GlobalSection(SolutionConfigurationPlatforms) = preSolution
		Debug|Any CPU = Debug|Any CPU
		Release|Any CPU = Release|Any CPU
	EndGlobalSection
	GlobalSection(ProjectConfigurationPlatforms) = postSolution
		{9CFDD209-079A-4E0A-9F4D-E323AE2D4F43}.Debug|Any CPU.ActiveCfg = Debug|Any CPU
		{9CFDD209-079A-4E0A-9F4D-E323AE2D4F43}.Debug|Any CPU.Build.0 = Debug|Any CPU
		{9CFDD209-079A-4E0A-9F4D-E323AE2D4F43}.Release|Any CPU.ActiveCfg = Release|Any CPU
		{9CFDD209-079A-4E0A-9F4D-E323AE2D4F43}.Release|Any CPU.Build.0 = Release|Any CPU
		{138F7C3C-9446-48F2-B2FE-C809C5B42A79}.Debug|Any CPU.ActiveCfg = Debug|Any CPU
		{138F7C3C-9446-48F2-B2FE-C809C5B42A79}.Debug|Any CPU.Build.0 = Debug|Any CPU
		{138F7C3C-9446-48F2-B2FE-C809C5B42A79}.Release|Any CPU.ActiveCfg = Release|Any CPU
		{138F7C3C-9446-48F2-B2FE-C809C5B42A79}.Release|Any CPU.Build.0 = Release|Any CPU
		{23D0B6CD-9B8F-4BD1-9597-9BF332F551FD}.Debug|Any CPU.ActiveCfg = Debug|Any CPU
		{23D0B6CD-9B8F-4BD1-9597-9BF332F551FD}.Debug|Any CPU.Build.0 = Debug|Any CPU
		{23D0B6CD-9B8F-4BD1-9597-9BF332F551FD}.Release|Any CPU.ActiveCfg = Release|Any CPU
		{23D0B6CD-9B8F-4BD1-9597-9BF332F551FD}.Release|Any CPU.Build.0 = Release|Any CPU
		{C7D60BA4-1A4F-4717-9B9D-484B0991A247}.Debug|Any CPU.ActiveCfg = Debug|Any CPU
		{C7D60BA4-1A4F-4717-9B9D-484B0991A247}.Debug|Any CPU.Build.0 = Debug|Any CPU
		{C7D60BA4-1A4F-4717-9B9D-484B0991A247}.Release|Any CPU.ActiveCfg = Release|Any CPU
		{C7D60BA4-1A4F-4717-9B9D-484B0991A247}.Release|Any CPU.Build.0 = Release|Any CPU
		{98BC562B-FA21-4B57-9EEC-B93F12EFE044}.Debug|Any CPU.ActiveCfg = Debug|Any CPU
		{98BC562B-FA21-4B57-9EEC-B93F12EFE044}.Debug|Any CPU.Build.0 = Debug|Any CPU
		{98BC562B-FA21-4B57-9EEC-B93F12EFE044}.Release|Any CPU.ActiveCfg = Release|Any CPU
		{98BC562B-FA21-4B57-9EEC-B93F12EFE044}.Release|Any CPU.Build.0 = Release|Any CPU
		{671BBB53-71EB-4153-B108-A589D78C44FD}.Debug|Any CPU.ActiveCfg = Debug|Any CPU
		{671BBB53-71EB-4153-B108-A589D78C44FD}.Debug|Any CPU.Build.0 = Debug|Any CPU
		{671BBB53-71EB-4153-B108-A589D78C44FD}.Release|Any CPU.ActiveCfg = Release|Any CPU
		{671BBB53-71EB-4153-B108-A589D78C44FD}.Release|Any CPU.Build.0 = Release|Any CPU
		{A1B53126-D169-4785-BC12-5BE63EA5826F}.Debug|Any CPU.ActiveCfg = Debug|Any CPU
		{A1B53126-D169-4785-BC12-5BE63EA5826F}.Debug|Any CPU.Build.0 = Debug|Any CPU
		{A1B53126-D169-4785-BC12-5BE63EA5826F}.Release|Any CPU.ActiveCfg = Release|Any CPU
		{A1B53126-D169-4785-BC12-5BE63EA5826F}.Release|Any CPU.Build.0 = Release|Any CPU
	EndGlobalSection
	GlobalSection(SolutionProperties) = preSolution
		HideSolutionNode = FALSE
	EndGlobalSection
	GlobalSection(NestedProjects) = preSolution
		{C387438C-DB46-40C8-B184-6EC6D00DDBF0} = {9A382753-B0F5-4A51-9FD2-4D3B9A4C5FAA}
		{6624514E-77E4-4694-956D-F0E67E448DBE} = {9A382753-B0F5-4A51-9FD2-4D3B9A4C5FAA}
		{C3B876DF-B288-402B-96CF-E7C223F860AC} = {9A382753-B0F5-4A51-9FD2-4D3B9A4C5FAA}
		{2820E457-A19B-4369-A420-91DB0046A269} = {9A382753-B0F5-4A51-9FD2-4D3B9A4C5FAA}
		{9CFDD209-079A-4E0A-9F4D-E323AE2D4F43} = {C387438C-DB46-40C8-B184-6EC6D00DDBF0}
		{138F7C3C-9446-48F2-B2FE-C809C5B42A79} = {6624514E-77E4-4694-956D-F0E67E448DBE}
		{23D0B6CD-9B8F-4BD1-9597-9BF332F551FD} = {6624514E-77E4-4694-956D-F0E67E448DBE}
		{C7D60BA4-1A4F-4717-9B9D-484B0991A247} = {C3B876DF-B288-402B-96CF-E7C223F860AC}
		{98BC562B-FA21-4B57-9EEC-B93F12EFE044} = {C3B876DF-B288-402B-96CF-E7C223F860AC}
		{671BBB53-71EB-4153-B108-A589D78C44FD} = {A45A94D6-EECA-4BC8-BDA0-873AD4AB3A16}
		{A1B53126-D169-4785-BC12-5BE63EA5826F} = {2820E457-A19B-4369-A420-91DB0046A269}
	EndGlobalSection
	GlobalSection(ExtensibilityGlobals) = postSolution
		SolutionGuid = {9B407332-BEE4-4317-83EC-549CB9E979EC}
	EndGlobalSection
EndGlobal
